# THIS IS AN AUTOGENERATED FILE. DO NOT EDIT THIS FILE DIRECTLY.
# yarn lockfile v1


"@tauri-apps/cli-darwin-arm64@1.6.0":
  version "1.6.0"
  resolved "https://registry.yarnpkg.com/@tauri-apps/cli-darwin-arm64/-/cli-darwin-arm64-1.6.0.tgz#cddb151935f44fc82e9e47866fb72c429ab9f28e"
  integrity sha512-SNRwUD9nqGxY47mbY1CGTt/jqyQOU7Ps7Mx/mpgahL0FVUDiCEY/5L9QfEPPhEgccgcelEVn7i6aQHIkHyUtCA==

"@tauri-apps/cli-darwin-x64@1.6.0":
  version "1.6.0"
  resolved "https://registry.yarnpkg.com/@tauri-apps/cli-darwin-x64/-/cli-darwin-x64-1.6.0.tgz#ea94c169dd6bb9597e0edc0fdac91f116a697c0b"
  integrity sha512-g2/uDR/eeH2arvuawA4WwaEOqv/7jDO/ZLNI3JlBjP5Pk8GGb3Kdy0ro1xQzF94mtk2mOnOXa4dMgAet4sUJ1A==

"@tauri-apps/cli-linux-arm-gnueabihf@1.6.0":
  version "1.6.0"
  resolved "https://registry.yarnpkg.com/@tauri-apps/cli-linux-arm-gnueabihf/-/cli-linux-arm-gnueabihf-1.6.0.tgz#b17a5b48481a454265271b3741698c333590b62b"
  integrity sha512-EVwf4oRkQyG8BpSrk0gqO7oA0sDM2MdNDtJpMfleYFEgCxLIOGZKNqaOW3M7U+0Y4qikmG3TtRK+ngc8Ymtrjg==

"@tauri-apps/cli-linux-arm64-gnu@1.6.0":
  version "1.6.0"
  resolved "https://registry.yarnpkg.com/@tauri-apps/cli-linux-arm64-gnu/-/cli-linux-arm64-gnu-1.6.0.tgz#1157c3fbda02a4b9e21d3ef40a769fec7ae06bff"
  integrity sha512-YdpY17cAySrhK9dX4BUVEmhAxE2o+6skIEFg8iN/xrDwRxhaNPI9I80YXPatUTX54Kx55T5++25VJG9+3iw83A==

"@tauri-apps/cli-linux-arm64-musl@1.6.0":
  version "1.6.0"
  resolved "https://registry.yarnpkg.com/@tauri-apps/cli-linux-arm64-musl/-/cli-linux-arm64-musl-1.6.0.tgz#47837d9bdb52e3dae3a071ffcb383fb1c726700a"
  integrity sha512-4U628tuf2U8pMr4tIBJhEkrFwt+46dwhXrDlpdyWSZtnop5RJAVKHODm0KbWns4xGKfTW1F3r6sSv+2ZxLcISA==

"@tauri-apps/cli-linux-x64-gnu@1.6.0":
  version "1.6.0"
  resolved "https://registry.yarnpkg.com/@tauri-apps/cli-linux-x64-gnu/-/cli-linux-x64-gnu-1.6.0.tgz#ece8cb45af7f47e174ac4125130553c8a84a402e"
  integrity sha512-AKRzp76fVUaJyXj5KRJT9bJyhwZyUnRQU0RqIRqOtZCT5yr6qGP8rjtQ7YhCIzWrseBlOllc3Qvbgw3Yl0VQcA==

"@tauri-apps/cli-linux-x64-musl@1.6.0":
  version "1.6.0"
  resolved "https://registry.yarnpkg.com/@tauri-apps/cli-linux-x64-musl/-/cli-linux-x64-musl-1.6.0.tgz#d5f54c7bd8956d0b80603381eb6fea4cb11bea08"
  integrity sha512-0edIdq6aMBTaRMIXddHfyAFL361JqulLLd2Wi2aoOie7DkQ2MYh6gv3hA7NB9gqFwNIGE+xtJ4BkXIP2tSGPlg==

"@tauri-apps/cli-win32-arm64-msvc@1.6.0":
  version "1.6.0"
  resolved "https://registry.yarnpkg.com/@tauri-apps/cli-win32-arm64-msvc/-/cli-win32-arm64-msvc-1.6.0.tgz#df53c67147915e933141af2b2bfd4bee64792bdf"
  integrity sha512-QwWpWk4ubcwJ1rljsRAmINgB2AwkyzZhpYbalA+MmzyYMREcdXWGkyixWbRZgqc6fEWEBmq5UG73qz5eBJiIKg==

"@tauri-apps/cli-win32-ia32-msvc@1.6.0":
  version "1.6.0"
  resolved "https://registry.yarnpkg.com/@tauri-apps/cli-win32-ia32-msvc/-/cli-win32-ia32-msvc-1.6.0.tgz#5608e4235277753ad67f1ac471a95902be265a77"
  integrity sha512-Vtw0yxO9+aEFuhuxQ57ALG43tjECopRimRuKGbtZYDCriB/ty5TrT3QWMdy0dxBkpDTu3Rqsz30sbDzw6tlP3Q==

"@tauri-apps/cli-win32-x64-msvc@1.6.0":
  version "1.6.0"
  resolved "https://registry.yarnpkg.com/@tauri-apps/cli-win32-x64-msvc/-/cli-win32-x64-msvc-1.6.0.tgz#dd43cc78e3ca8839948c358829a877cf47d4e6f4"
  integrity sha512-h54FHOvGi7+LIfRchzgZYSCHB1HDlP599vWXQQJ/XnwJY+6Rwr2E5bOe/EhqoG8rbGkfK0xX3KPAvXPbUlmggg==

"@tauri-apps/cli@1.6.0":
  version "1.6.0"
  resolved "https://registry.yarnpkg.com/@tauri-apps/cli/-/cli-1.6.0.tgz#cd1b54c2774291fb879d9b5ae5f70cf253f48c25"
  integrity sha512-DBBpBl6GhTzm8ImMbKkfaZ4fDTykWrC7Q5OXP4XqD91recmDEn2LExuvuiiS3HYe7uP8Eb5B9NPHhqJb+Zo7qQ==
  optionalDependencies:
    "@tauri-apps/cli-darwin-arm64" "1.6.0"
    "@tauri-apps/cli-darwin-x64" "1.6.0"
    "@tauri-apps/cli-linux-arm-gnueabihf" "1.6.0"
    "@tauri-apps/cli-linux-arm64-gnu" "1.6.0"
    "@tauri-apps/cli-linux-arm64-musl" "1.6.0"
    "@tauri-apps/cli-linux-x64-gnu" "1.6.0"
    "@tauri-apps/cli-linux-x64-musl" "1.6.0"
    "@tauri-apps/cli-win32-arm64-msvc" "1.6.0"
    "@tauri-apps/cli-win32-ia32-msvc" "1.6.0"
    "@tauri-apps/cli-win32-x64-msvc" "1.6.0"
